<?xml version="1.0" encoding="utf-8"?>
<Project ToolsVersion="4.0" xmlns="http://schemas.microsoft.com/developer/msbuild/2003">
  <ItemGroup>
    <Filter Include="Source Files">
      <UniqueIdentifier>{4FC737F1-C7A5-4376-A066-2A32D752A2FF}</UniqueIdentifier>
      <Extensions>cpp;c;cc;cxx;c++;cppm;ixx;def;odl;idl;hpj;bat;asm;asmx</Extensions>
    </Filter>
    <Filter Include="Header Files">
      <UniqueIdentifier>{93995380-89BD-4b04-88EB-625FBE52EBFB}</UniqueIdentifier>
      <Extensions>h;hh;hpp;hxx;h++;hm;inl;inc;ipp;xsd</Extensions>
    </Filter>
    <Filter Include="Resource Files">
      <UniqueIdentifier>{67DA6AB6-F800-4c08-8B7A-83BB121AAD01}</UniqueIdentifier>
      <Extensions>rc;ico;cur;bmp;dlg;rc2;rct;bin;rgs;gif;jpg;jpeg;jpe;resx;tiff;tif;png;wav;mfcribbon-ms</Extensions>
    </Filter>
    <Filter Include="Resource Files\Shaders">
      <UniqueIdentifier>{58a4580e-be75-4b89-9305-e27bebbb1a28}</UniqueIdentifier>
    </Filter>
    <Filter Include="Source Files\GL">
      <UniqueIdentifier>{28342390-3bb9-4c3b-ab0a-2fb1848bd707}</UniqueIdentifier>
    </Filter>
    <Filter Include="Header Files\GL">
      <UniqueIdentifier>{e533ce70-9fa3-49ba-944c-2cbb94d5794c}</UniqueIdentifier>
    </Filter>
    <Filter Include="Source Files\GUI">
      <UniqueIdentifier>{cd5d2333-f9a1-4884-a5c3-c789a16977dd}</UniqueIdentifier>
    </Filter>
    <Filter Include="Resource Files\Shaders\GUI">
      <UniqueIdentifier>{41216111-b795-4785-a7bc-253c291dda76}</UniqueIdentifier>
    </Filter>
    <Filter Include="Header Files\GUI">
      <UniqueIdentifier>{48b0a147-711a-482a-bcfb-7eebc3568966}</UniqueIdentifier>
    </Filter>
    <Filter Include="Header Files\GUI\GUIObjects">
      <UniqueIdentifier>{dd10b4c8-b033-48bf-a676-91a07e8c8b3d}</UniqueIdentifier>
    </Filter>
  </ItemGroup>
  <ItemGroup>
    <ClCompile Include="src\Source.cpp">
      <Filter>Source Files</Filter>
    </ClCompile>
    <ClCompile Include="include\GL\Camera.cpp">
      <Filter>Source Files\GL</Filter>
    </ClCompile>
    <ClCompile Include="include\GL\Shader.cpp">
      <Filter>Source Files\GL</Filter>
    </ClCompile>
    <ClCompile Include="include\GL\VAO.cpp">
      <Filter>Source Files\GL</Filter>
    </ClCompile>
    <ClCompile Include="include\GL\VBO.cpp">
      <Filter>Source Files\GL</Filter>
    </ClCompile>
    <ClCompile Include="src\GUI\GUIObject.cpp">
      <Filter>Source Files\GUI</Filter>
    </ClCompile>
    <ClCompile Include="src\GUI\EventListener.cpp">
      <Filter>Source Files\GUI</Filter>
    </ClCompile>
    <ClCompile Include="include\GL\FBO.cpp">
      <Filter>Source Files\GL</Filter>
    </ClCompile>
    <ClCompile Include="include\GL\RBO.cpp">
      <Filter>Source Files\GL</Filter>
    </ClCompile>
    <ClCompile Include="include\GL\Texture2D.cpp">
      <Filter>Source Files\GL</Filter>
    </ClCompile>
    <ClCompile Include="include\GL\stb_image.cpp">
      <Filter>Source Files\GL</Filter>
    </ClCompile>
    <ClCompile Include="include\GL\EBO.cpp">
      <Filter>Source Files\GL</Filter>
    </ClCompile>
    <ClCompile Include="src\GUI\GUISystem.cpp">
      <Filter>Source Files\GUI</Filter>
    </ClCompile>
    <ClCompile Include="src\InputManager.cpp">
      <Filter>Source Files</Filter>
    </ClCompile>
    <ClCompile Include="G:\Prog\Other\Cpp\External Libraries\OpenGL\glad.c">
      <Filter>Source Files\GL</Filter>
    </ClCompile>
    <ClCompile Include="src\GUI\GUIObjects\GUIGenericInteractable.cpp">
      <Filter>Source Files\GUI</Filter>
    </ClCompile>
  </ItemGroup>
  <ItemGroup>
    <None Include="resources\shaders\shader_fs.glsl">
      <Filter>Resource Files\Shaders</Filter>
    </None>
    <None Include="resources\shaders\shader_vs.glsl">
      <Filter>Resource Files\Shaders</Filter>
    </None>
    <None Include="resources\shaders\GUI\mainFBOShader_fs.glsl">
      <Filter>Resource Files\Shaders\GUI</Filter>
    </None>
    <None Include="resources\shaders\GUI\mainFBOShader_vs.glsl">
      <Filter>Resource Files\Shaders\GUI</Filter>
    </None>
    <None Include="resources\shaders\GUI\canvasShader_fs.glsl">
      <Filter>Resource Files\Shaders\GUI</Filter>
    </None>
    <None Include="resources\shaders\GUI\canvasShader_vs.glsl">
      <Filter>Resource Files\Shaders\GUI</Filter>
    </None>
    <None Include="resources\shaders\GUI\colorShader_fs.glsl">
      <Filter>Resource Files\Shaders\GUI</Filter>
    </None>
    <None Include="resources\shaders\GUI\colorShader_vs.glsl">
      <Filter>Resource Files\Shaders\GUI</Filter>
    </None>
  </ItemGroup>
  <ItemGroup>
    <ClInclude Include="include\GL\Camera.h">
      <Filter>Header Files\GL</Filter>
    </ClInclude>
    <ClInclude Include="include\GL\Shader.h">
      <Filter>Header Files\GL</Filter>
    </ClInclude>
    <ClInclude Include="include\GL\VAO.h">
      <Filter>Header Files\GL</Filter>
    </ClInclude>
    <ClInclude Include="include\GL\VBO.h">
      <Filter>Header Files\GL</Filter>
    </ClInclude>
    <ClInclude Include="include\GL\FBO.h">
      <Filter>Header Files\GL</Filter>
    </ClInclude>
    <ClInclude Include="include\GL\RBO.h">
      <Filter>Header Files\GL</Filter>
    </ClInclude>
    <ClInclude Include="include\GL\Texture2D.h">
      <Filter>Header Files\GL</Filter>
    </ClInclude>
    <ClInclude Include="include\GL\stb_image.h">
      <Filter>Header Files\GL</Filter>
    </ClInclude>
    <ClInclude Include="include\GL\EBO.h">
      <Filter>Header Files\GL</Filter>
    </ClInclude>
    <ClInclude Include="src\InputManager.h">
      <Filter>Header Files</Filter>
    </ClInclude>
    <ClInclude Include="src\GUI\BoundingBox.h">
      <Filter>Header Files\GUI</Filter>
    </ClInclude>
    <ClInclude Include="src\GUI\EventListener.h">
      <Filter>Header Files\GUI</Filter>
    </ClInclude>
    <ClInclude Include="src\GUI\GUICommon.h">
      <Filter>Header Files\GUI</Filter>
    </ClInclude>
    <ClInclude Include="src\GUI\GUISystem.h">
      <Filter>Header Files\GUI</Filter>
    </ClInclude>
    <ClInclude Include="include\Time.h">
      <Filter>Header Files</Filter>
    </ClInclude>
    <ClInclude Include="src\GUI\GUITransform.h">
      <Filter>Header Files\GUI</Filter>
    </ClInclude>
    <ClInclude Include="src\GUI\GUIObjectViewData.h">
      <Filter>Header Files\GUI</Filter>
    </ClInclude>
    <ClInclude Include="include\glm_useful_includes.hpp">
      <Filter>Header Files</Filter>
    </ClInclude>
    <ClInclude Include="src\BinaryTree.h">
      <Filter>Header Files</Filter>
    </ClInclude>
    <ClInclude Include="src\uniqueue.h">
      <Filter>Header Files</Filter>
    </ClInclude>
    <ClInclude Include="src\GUI\GUIObject.h">
      <Filter>Header Files\GUI</Filter>
    </ClInclude>
    <ClInclude Include="src\GUI\GUIObjects\GUIButton.h">
      <Filter>Header Files\GUI\GUIObjects</Filter>
    </ClInclude>
    <ClInclude Include="src\GUI\GUIObjects\GUIGenericInteractable.h">
      <Filter>Header Files\GUI\GUIObjects</Filter>
    </ClInclude>
  </ItemGroup>
</Project>